
Microsoft Visual Studio Solution File, Format Version 12.00
# Visual Studio Version 16
VisualStudioVersion = 16.0.29306.81
MinimumVisualStudioVersion = 10.0.40219.1
Project("{FAE04EC0-301F-11D3-BF4B-00C04F79EFBC}") = "Notes.Android", "Notes\Notes.Android\Notes.Android.csproj", "{2D551604-6BF7-423B-96B9-E5399CFDDAEA}"
EndProject
Project("{FAE04EC0-301F-11D3-BF4B-00C04F79EFBC}") = "Notes.iOS", "Notes\Notes.iOS\Notes.iOS.csproj", "{766604BE-6C4E-40ED-B9BD-BF8B4DE9A36B}"
EndProject
Project("{FAE04EC0-301F-11D3-BF4B-00C04F79EFBC}") = "Notes", "Notes\Notes\Notes.csproj", "{AFC0FB41-B2BE-4E4D-9F41-26FA0B9BE29C}"
EndProject
Global
	GlobalSection(SolutionConfigurationPlatforms) = preSolution
		Debug|Any CPU = Debug|Any CPU
		Debug|iPhone = Debug|iPhone
		Debug|iPhoneSimulator = Debug|iPhoneSimulator
		Release|Any CPU = Release|Any CPU
		Release|iPhone = Release|iPhone
		Release|iPhoneSimulator = Release|iPhoneSimulator
	EndGlobalSection
	GlobalSection(ProjectConfigurationPlatforms) = postSolution
		{2D551604-6BF7-423B-96B9-E5399CFDDAEA}.Debug|Any CPU.ActiveCfg = Debug|Any CPU
		{2D551604-6BF7-423B-96B9-E5399CFDDAEA}.Debug|Any CPU.Build.0 = Debug|Any CPU
		{2D551604-6BF7-423B-96B9-E5399CFDDAEA}.Debug|Any CPU.Deploy.0 = Debug|Any CPU
		{2D551604-6BF7-423B-96B9-E5399CFDDAEA}.Debug|iPhone.ActiveCfg = Debug|Any CPU
		{2D551604-6BF7-423B-96B9-E5399CFDDAEA}.Debug|iPhone.Build.0 = Debug|Any CPU
		{2D551604-6BF7-423B-96B9-E5399CFDDAEA}.Debug|iPhone.Deploy.0 = Debug|Any CPU
		{2D551604-6BF7-423B-96B9-E5399CFDDAEA}.Debug|iPhoneSimulator.ActiveCfg = Debug|Any CPU
		{2D551604-6BF7-423B-96B9-E5399CFDDAEA}.Debug|iPhoneSimulator.Build.0 = Debug|Any CPU
		{2D551604-6BF7-423B-96B9-E5399CFDDAEA}.Debug|iPhoneSimulator.Deploy.0 = Debug|Any CPU
		{2D551604-6BF7-423B-96B9-E5399CFDDAEA}.Release|Any CPU.ActiveCfg = Release|Any CPU
		{2D551604-6BF7-423B-96B9-E5399CFDDAEA}.Release|Any CPU.Build.0 = Release|Any CPU
		{2D551604-6BF7-423B-96B9-E5399CFDDAEA}.Release|Any CPU.Deploy.0 = Release|Any CPU
		{2D551604-6BF7-423B-96B9-E5399CFDDAEA}.Release|iPhone.ActiveCfg = Release|Any CPU
		{2D551604-6BF7-423B-96B9-E5399CFDDAEA}.Release|iPhone.Build.0 = Release|Any CPU
		{2D551604-6BF7-423B-96B9-E5399CFDDAEA}.Release|iPhone.Deploy.0 = Release|Any CPU
		{2D551604-6BF7-423B-96B9-E5399CFDDAEA}.Release|iPhoneSimulator.ActiveCfg = Release|Any CPU
		{2D551604-6BF7-423B-96B9-E5399CFDDAEA}.Release|iPhoneSimulator.Build.0 = Release|Any CPU
		{2D551604-6BF7-423B-96B9-E5399CFDDAEA}.Release|iPhoneSimulator.Deploy.0 = Release|Any CPU
		{766604BE-6C4E-40ED-B9BD-BF8B4DE9A36B}.Debug|Any CPU.ActiveCfg = Debug|iPhoneSimulator
		{766604BE-6C4E-40ED-B9BD-BF8B4DE9A36B}.Debug|Any CPU.Build.0 = Debug|iPhoneSimulator
		{766604BE-6C4E-40ED-B9BD-BF8B4DE9A36B}.Debug|Any CPU.Deploy.0 = Debug|iPhoneSimulator
		{766604BE-6C4E-40ED-B9BD-BF8B4DE9A36B}.Debug|iPhone.ActiveCfg = Debug|iPhone
		{766604BE-6C4E-40ED-B9BD-BF8B4DE9A36B}.Debug|iPhone.Build.0 = Debug|iPhone
		{766604BE-6C4E-40ED-B9BD-BF8B4DE9A36B}.Debug|iPhone.Deploy.0 = Debug|iPhone
		{766604BE-6C4E-40ED-B9BD-BF8B4DE9A36B}.Debug|iPhoneSimulator.ActiveCfg = Debug|iPhoneSimulator
		{766604BE-6C4E-40ED-B9BD-BF8B4DE9A36B}.Debug|iPhoneSimulator.Build.0 = Debug|iPhoneSimulator
		{766604BE-6C4E-40ED-B9BD-BF8B4DE9A36B}.Debug|iPhoneSimulator.Deploy.0 = Debug|iPhoneSimulator
		{766604BE-6C4E-40ED-B9BD-BF8B4DE9A36B}.Release|Any CPU.ActiveCfg = Release|iPhone
		{766604BE-6C4E-40ED-B9BD-BF8B4DE9A36B}.Release|Any CPU.Build.0 = Release|iPhone
		{766604BE-6C4E-40ED-B9BD-BF8B4DE9A36B}.Release|Any CPU.Deploy.0 = Release|iPhone
		{766604BE-6C4E-40ED-B9BD-BF8B4DE9A36B}.Release|iPhone.ActiveCfg = Release|iPhone
		{766604BE-6C4E-40ED-B9BD-BF8B4DE9A36B}.Release|iPhone.Build.0 = Release|iPhone
		{766604BE-6C4E-40ED-B9BD-BF8B4DE9A36B}.Release|iPhone.Deploy.0 = Release|iPhone
		{766604BE-6C4E-40ED-B9BD-BF8B4DE9A36B}.Release|iPhoneSimulator.ActiveCfg = Release|iPhoneSimulator
		{766604BE-6C4E-40ED-B9BD-BF8B4DE9A36B}.Release|iPhoneSimulator.Build.0 = Release|iPhoneSimulator
		{766604BE-6C4E-40ED-B9BD-BF8B4DE9A36B}.Release|iPhoneSimulator.Deploy.0 = Release|iPhoneSimulator
		{AFC0FB41-B2BE-4E4D-9F41-26FA0B9BE29C}.Debug|Any CPU.ActiveCfg = Debug|Any CPU
		{AFC0FB41-B2BE-4E4D-9F41-26FA0B9BE29C}.Debug|Any CPU.Build.0 = Debug|Any CPU
		{AFC0FB41-B2BE-4E4D-9F41-26FA0B9BE29C}.Debug|Any CPU.Deploy.0 = Debug|Any CPU
		{AFC0FB41-B2BE-4E4D-9F41-26FA0B9BE29C}.Debug|iPhone.ActiveCfg = Debug|Any CPU
		{AFC0FB41-B2BE-4E4D-9F41-26FA0B9BE29C}.Debug|iPhone.Build.0 = Debug|Any CPU
		{AFC0FB41-B2BE-4E4D-9F41-26FA0B9BE29C}.Debug|iPhone.Deploy.0 = Debug|Any CPU
		{AFC0FB41-B2BE-4E4D-9F41-26FA0B9BE29C}.Debug|iPhoneSimulator.ActiveCfg = Debug|Any CPU
		{AFC0FB41-B2BE-4E4D-9F41-26FA0B9BE29C}.Debug|iPhoneSimulator.Build.0 = Debug|Any CPU
		{AFC0FB41-B2BE-4E4D-9F41-26FA0B9BE29C}.Debug|iPhoneSimulator.Deploy.0 = Debug|Any CPU
		{AFC0FB41-B2BE-4E4D-9F41-26FA0B9BE29C}.Release|Any CPU.ActiveCfg = Release|Any CPU
		{AFC0FB41-B2BE-4E4D-9F41-26FA0B9BE29C}.Release|Any CPU.Build.0 = Release|Any CPU
		{AFC0FB41-B2BE-4E4D-9F41-26FA0B9BE29C}.Release|Any CPU.Deploy.0 = Release|Any CPU
		{AFC0FB41-B2BE-4E4D-9F41-26FA0B9BE29C}.Release|iPhone.ActiveCfg = Release|Any CPU
		{AFC0FB41-B2BE-4E4D-9F41-26FA0B9BE29C}.Release|iPhone.Build.0 = Release|Any CPU
		{AFC0FB41-B2BE-4E4D-9F41-26FA0B9BE29C}.Release|iPhone.Deploy.0 = Release|Any CPU
		{AFC0FB41-B2BE-4E4D-9F41-26FA0B9BE29C}.Release|iPhoneSimulator.ActiveCfg = Release|Any CPU
		{AFC0FB41-B2BE-4E4D-9F41-26FA0B9BE29C}.Release|iPhoneSimulator.Build.0 = Release|Any CPU
		{AFC0FB41-B2BE-4E4D-9F41-26FA0B9BE29C}.Release|iPhoneSimulator.Deploy.0 = Release|Any CPU
	EndGlobalSection
	GlobalSection(SolutionProperties) = preSolution
		HideSolutionNode = FALSE
	EndGlobalSection
	GlobalSection(ExtensibilityGlobals) = postSolution
		SolutionGuid = {FE7982D2-31A8-483A-B6CE-0B42061C8A7E}
	EndGlobalSection
EndGlobal
